{
  "nodes": {
    "darwin": {
      "inputs": {
        "nixpkgs": [
          "nixpkgs"
        ]
      },
      "locked": {
        "lastModified": 1766038392,
        "narHash": "sha256-ht/GuKaw5NT3M12xM+mkUtkSBVtzjJ8IHIy6R/ncv9g=",
        "owner": "nix-darwin",
        "repo": "nix-darwin",
        "rev": "5fb45ece6129bd7ad8f7310df0ae9c00bae7c562",
        "type": "github"
      },
      "original": {
        "owner": "nix-darwin",
        "repo": "nix-darwin",
        "type": "github"
      }
    },
    "home-manager": {
      "inputs": {
        "nixpkgs": [
          "nixpkgs"
        ]
      },
      "locked": {
        "lastModified": 1764872372,
        "narHash": "sha256-uZuXRz9CzeCHsRbc2MQvKomwoX6GcFC5BUMEk3ouSFU=",
        "owner": "nix-community",
        "repo": "home-manager",
        "rev": "05a56dbf24f195c62286e3273a2671d3b4904b00",
        "type": "github"
      },
      "original": {
        "owner": "nix-community",
        "repo": "home-manager",
        "type": "github"
      }
    },
    "nixpkgs": {
      "locked": {
        "lastModified": 1764667669,
        "narHash": "sha256-7WUCZfmqLAssbDqwg9cUDAXrSoXN79eEEq17qhTNM/Y=",
        "owner": "nixos",
        "repo": "nixpkgs",
        "rev": "418468ac9527e799809c900eda37cbff999199b6",
        "type": "github"
      },
      "original": {
        "owner": "nixos",
        "ref": "nixos-unstable",
        "repo": "nixpkgs",
        "type": "github"
      }
    },
    "root": {
      "inputs": {
        "darwin": "darwin",
        "home-manager": "home-manager",
        "nixpkgs": "nixpkgs"
      }
    }
  },
  "root": "root",
  "version": 7
}
